// !$*UTF8*$!
{
	archiveVersion = 1;
	classes = {
	};
	objectVersion = 46;
	objects = {

/* Begin PBXBuildFile section */
		2FA104AED7DE1422D1FE4D04 /* Pods_TwitterClient.framework in Frameworks */ = {isa = PBXBuildFile; fileRef = 5DCF49A0CA87A523A82CFDF0 /* Pods_TwitterClient.framework */; };
		3715EBA91EA099C800E753D0 /* AppDelegate.swift in Sources */ = {isa = PBXBuildFile; fileRef = 3715EBA81EA099C800E753D0 /* AppDelegate.swift */; };
		3715EBAE1EA099C800E753D0 /* Main.storyboard in Resources */ = {isa = PBXBuildFile; fileRef = 3715EBAC1EA099C800E753D0 /* Main.storyboard */; };
		3715EBB01EA099C800E753D0 /* Assets.xcassets in Resources */ = {isa = PBXBuildFile; fileRef = 3715EBAF1EA099C800E753D0 /* Assets.xcassets */; };
		3715EBB31EA099C800E753D0 /* LaunchScreen.storyboard in Resources */ = {isa = PBXBuildFile; fileRef = 3715EBB11EA099C800E753D0 /* LaunchScreen.storyboard */; };
		3715EBBB1EA10C5200E753D0 /* LoginViewController.swift in Sources */ = {isa = PBXBuildFile; fileRef = 3715EBBA1EA10C5200E753D0 /* LoginViewController.swift */; };
		3715EBC01EA28FA300E753D0 /* User.swift in Sources */ = {isa = PBXBuildFile; fileRef = 3715EBBF1EA28FA300E753D0 /* User.swift */; };
		3715EBC21EA2966900E753D0 /* Tweet.swift in Sources */ = {isa = PBXBuildFile; fileRef = 3715EBC11EA2966900E753D0 /* Tweet.swift */; };
		3715EBC51EA2A0EA00E753D0 /* TwitterAPIClient.swift in Sources */ = {isa = PBXBuildFile; fileRef = 3715EBC41EA2A0EA00E753D0 /* TwitterAPIClient.swift */; };
		3715EBC71EA2BE0F00E753D0 /* MainTweetsController.swift in Sources */ = {isa = PBXBuildFile; fileRef = 3715EBC61EA2BE0F00E753D0 /* MainTweetsController.swift */; };
		3715EBCB1EA30CC800E753D0 /* CustomCell.swift in Sources */ = {isa = PBXBuildFile; fileRef = 3715EBCA1EA30CC800E753D0 /* CustomCell.swift */; };
		3715EBCD1EA3474B00E753D0 /* SelectTweetController.swift in Sources */ = {isa = PBXBuildFile; fileRef = 3715EBCC1EA3474B00E753D0 /* SelectTweetController.swift */; };
		3715EBCF1EA3758600E753D0 /* DetailTweetViewController.swift in Sources */ = {isa = PBXBuildFile; fileRef = 3715EBCE1EA3758600E753D0 /* DetailTweetViewController.swift */; };
		3763CF9C1EAAC66B009F262A /* HamburgerViewController.swift in Sources */ = {isa = PBXBuildFile; fileRef = 3763CF9B1EAAC66B009F262A /* HamburgerViewController.swift */; };
		3763CF9E1EAAC6A5009F262A /* MenuViewController.swift in Sources */ = {isa = PBXBuildFile; fileRef = 3763CF9D1EAAC6A5009F262A /* MenuViewController.swift */; };
		3763CFA01EAAC740009F262A /* ProfileViewController.swift in Sources */ = {isa = PBXBuildFile; fileRef = 3763CF9F1EAAC740009F262A /* ProfileViewController.swift */; };
		3763CFA21EAAC75C009F262A /* MentionsViewController.swift in Sources */ = {isa = PBXBuildFile; fileRef = 3763CFA11EAAC75C009F262A /* MentionsViewController.swift */; };
		3763CFA61EAAC8FF009F262A /* MenuViewCustomCell.swift in Sources */ = {isa = PBXBuildFile; fileRef = 3763CFA51EAAC8FF009F262A /* MenuViewCustomCell.swift */; };
/* End PBXBuildFile section */

/* Begin PBXFileReference section */
		3715EBA51EA099C800E753D0 /* TwitterClient.app */ = {isa = PBXFileReference; explicitFileType = wrapper.application; includeInIndex = 0; path = TwitterClient.app; sourceTree = BUILT_PRODUCTS_DIR; };
		3715EBA81EA099C800E753D0 /* AppDelegate.swift */ = {isa = PBXFileReference; lastKnownFileType = sourcecode.swift; path = AppDelegate.swift; sourceTree = "<group>"; };
		3715EBAD1EA099C800E753D0 /* Base */ = {isa = PBXFileReference; lastKnownFileType = file.storyboard; name = Base; path = Base.lproj/Main.storyboard; sourceTree = "<group>"; };
		3715EBAF1EA099C800E753D0 /* Assets.xcassets */ = {isa = PBXFileReference; lastKnownFileType = folder.assetcatalog; path = Assets.xcassets; sourceTree = "<group>"; };
		3715EBB21EA099C800E753D0 /* Base */ = {isa = PBXFileReference; lastKnownFileType = file.storyboard; name = Base; path = Base.lproj/LaunchScreen.storyboard; sourceTree = "<group>"; };
		3715EBB41EA099C800E753D0 /* Info.plist */ = {isa = PBXFileReference; lastKnownFileType = text.plist.xml; path = Info.plist; sourceTree = "<group>"; };
		3715EBBA1EA10C5200E753D0 /* LoginViewController.swift */ = {isa = PBXFileReference; fileEncoding = 4; lastKnownFileType = sourcecode.swift; path = LoginViewController.swift; sourceTree = "<group>"; };
		3715EBBF1EA28FA300E753D0 /* User.swift */ = {isa = PBXFileReference; fileEncoding = 4; lastKnownFileType = sourcecode.swift; path = User.swift; sourceTree = "<group>"; };
		3715EBC11EA2966900E753D0 /* Tweet.swift */ = {isa = PBXFileReference; fileEncoding = 4; lastKnownFileType = sourcecode.swift; path = Tweet.swift; sourceTree = "<group>"; };
		3715EBC41EA2A0EA00E753D0 /* TwitterAPIClient.swift */ = {isa = PBXFileReference; fileEncoding = 4; lastKnownFileType = sourcecode.swift; path = TwitterAPIClient.swift; sourceTree = "<group>"; };
		3715EBC61EA2BE0F00E753D0 /* MainTweetsController.swift */ = {isa = PBXFileReference; fileEncoding = 4; lastKnownFileType = sourcecode.swift; path = MainTweetsController.swift; sourceTree = "<group>"; };
		3715EBCA1EA30CC800E753D0 /* CustomCell.swift */ = {isa = PBXFileReference; fileEncoding = 4; lastKnownFileType = sourcecode.swift; path = CustomCell.swift; sourceTree = "<group>"; };
		3715EBCC1EA3474B00E753D0 /* SelectTweetController.swift */ = {isa = PBXFileReference; fileEncoding = 4; lastKnownFileType = sourcecode.swift; path = SelectTweetController.swift; sourceTree = "<group>"; };
		3715EBCE1EA3758600E753D0 /* DetailTweetViewController.swift */ = {isa = PBXFileReference; fileEncoding = 4; lastKnownFileType = sourcecode.swift; path = DetailTweetViewController.swift; sourceTree = "<group>"; };
		3763CF9B1EAAC66B009F262A /* HamburgerViewController.swift */ = {isa = PBXFileReference; fileEncoding = 4; lastKnownFileType = sourcecode.swift; path = HamburgerViewController.swift; sourceTree = "<group>"; };
		3763CF9D1EAAC6A5009F262A /* MenuViewController.swift */ = {isa = PBXFileReference; fileEncoding = 4; lastKnownFileType = sourcecode.swift; path = MenuViewController.swift; sourceTree = "<group>"; };
		3763CF9F1EAAC740009F262A /* ProfileViewController.swift */ = {isa = PBXFileReference; fileEncoding = 4; lastKnownFileType = sourcecode.swift; path = ProfileViewController.swift; sourceTree = "<group>"; };
		3763CFA11EAAC75C009F262A /* MentionsViewController.swift */ = {isa = PBXFileReference; fileEncoding = 4; lastKnownFileType = sourcecode.swift; path = MentionsViewController.swift; sourceTree = "<group>"; };
		3763CFA51EAAC8FF009F262A /* MenuViewCustomCell.swift */ = {isa = PBXFileReference; fileEncoding = 4; lastKnownFileType = sourcecode.swift; path = MenuViewCustomCell.swift; sourceTree = "<group>"; };
		5DCF49A0CA87A523A82CFDF0 /* Pods_TwitterClient.framework */ = {isa = PBXFileReference; explicitFileType = wrapper.framework; includeInIndex = 0; path = Pods_TwitterClient.framework; sourceTree = BUILT_PRODUCTS_DIR; };
		E70AA275C39D87B2C03A4473 /* Pods-TwitterClient.release.xcconfig */ = {isa = PBXFileReference; includeInIndex = 1; lastKnownFileType = text.xcconfig; name = "Pods-TwitterClient.release.xcconfig"; path = "Pods/Target Support Files/Pods-TwitterClient/Pods-TwitterClient.release.xcconfig"; sourceTree = "<group>"; };
		FF93BB67DD0915DDB84F56C0 /* Pods-TwitterClient.debug.xcconfig */ = {isa = PBXFileReference; includeInIndex = 1; lastKnownFileType = text.xcconfig; name = "Pods-TwitterClient.debug.xcconfig"; path = "Pods/Target Support Files/Pods-TwitterClient/Pods-TwitterClient.debug.xcconfig"; sourceTree = "<group>"; };
/* End PBXFileReference section */

/* Begin PBXFrameworksBuildPhase section */
		3715EBA21EA099C800E753D0 /* Frameworks */ = {
			isa = PBXFrameworksBuildPhase;
			buildActionMask = 2147483647;
			files = (
				2FA104AED7DE1422D1FE4D04 /* Pods_TwitterClient.framework in Frameworks */,
			);
			runOnlyForDeploymentPostprocessing = 0;
		};
/* End PBXFrameworksBuildPhase section */

/* Begin PBXGroup section */
		218A82DF7550419FBA25E3D2 /* Frameworks */ = {
			isa = PBXGroup;
			children = (
				5DCF49A0CA87A523A82CFDF0 /* Pods_TwitterClient.framework */,
			);
			name = Frameworks;
			sourceTree = "<group>";
		};
		3715EB9C1EA099C800E753D0 = {
			isa = PBXGroup;
			children = (
				3715EBA71EA099C800E753D0 /* TwitterClient */,
				3715EBA61EA099C800E753D0 /* Products */,
				48BAE0B037BA26DDC126D001 /* Pods */,
				218A82DF7550419FBA25E3D2 /* Frameworks */,
			);
			sourceTree = "<group>";
		};
		3715EBA61EA099C800E753D0 /* Products */ = {
			isa = PBXGroup;
			children = (
				3715EBA51EA099C800E753D0 /* TwitterClient.app */,
			);
			name = Products;
			sourceTree = "<group>";
		};
		3715EBA71EA099C800E753D0 /* TwitterClient */ = {
			isa = PBXGroup;
			children = (
				3715EBC31EA2A0B100E753D0 /* API */,
				3715EBBE1EA28F8400E753D0 /* Models */,
				3715EBBD1EA28F7C00E753D0 /* Views */,
				3715EBBC1EA28F7400E753D0 /* ViewControllers */,
				3715EBA81EA099C800E753D0 /* AppDelegate.swift */,
				3715EBAC1EA099C800E753D0 /* Main.storyboard */,
				3715EBAF1EA099C800E753D0 /* Assets.xcassets */,
				3715EBB11EA099C800E753D0 /* LaunchScreen.storyboard */,
				3715EBB41EA099C800E753D0 /* Info.plist */,
			);
			path = TwitterClient;
			sourceTree = "<group>";
		};
		3715EBBC1EA28F7400E753D0 /* ViewControllers */ = {
			isa = PBXGroup;
			children = (
				3715EBBA1EA10C5200E753D0 /* LoginViewController.swift */,
				3715EBC61EA2BE0F00E753D0 /* MainTweetsController.swift */,
				3715EBCC1EA3474B00E753D0 /* SelectTweetController.swift */,
				3715EBCE1EA3758600E753D0 /* DetailTweetViewController.swift */,
				3763CF9B1EAAC66B009F262A /* HamburgerViewController.swift */,
				3763CF9D1EAAC6A5009F262A /* MenuViewController.swift */,
				3763CF9F1EAAC740009F262A /* ProfileViewController.swift */,
				3763CFA11EAAC75C009F262A /* MentionsViewController.swift */,
			);
			name = ViewControllers;
			sourceTree = "<group>";
		};
		3715EBBD1EA28F7C00E753D0 /* Views */ = {
			isa = PBXGroup;
			children = (
				3715EBCA1EA30CC800E753D0 /* CustomCell.swift */,
				3763CFA51EAAC8FF009F262A /* MenuViewCustomCell.swift */,
			);
			name = Views;
			sourceTree = "<group>";
		};
		3715EBBE1EA28F8400E753D0 /* Models */ = {
			isa = PBXGroup;
			children = (
				3715EBBF1EA28FA300E753D0 /* User.swift */,
				3715EBC11EA2966900E753D0 /* Tweet.swift */,
			);
			name = Models;
			sourceTree = "<group>";
		};
		3715EBC31EA2A0B100E753D0 /* API */ = {
			isa = PBXGroup;
			children = (
				3715EBC41EA2A0EA00E753D0 /* TwitterAPIClient.swift */,
			);
			name = API;
			sourceTree = "<group>";
		};
		48BAE0B037BA26DDC126D001 /* Pods */ = {
			isa = PBXGroup;
			children = (
				FF93BB67DD0915DDB84F56C0 /* Pods-TwitterClient.debug.xcconfig */,
				E70AA275C39D87B2C03A4473 /* Pods-TwitterClient.release.xcconfig */,
			);
			name = Pods;
			sourceTree = "<group>";
		};
/* End PBXGroup section */

/* Begin PBXNativeTarget section */
		3715EBA41EA099C800E753D0 /* TwitterClient */ = {
			isa = PBXNativeTarget;
			buildConfigurationList = 3715EBB71EA099C800E753D0 /* Build configuration list for PBXNativeTarget "TwitterClient" */;
			buildPhases = (
				E2105673048838ED8C76E6D8 /* [CP] Check Pods Manifest.lock */,
				3715EBA11EA099C800E753D0 /* Sources */,
				3715EBA21EA099C800E753D0 /* Frameworks */,
				3715EBA31EA099C800E753D0 /* Resources */,
				6FBFD472D24AEDE775568783 /* [CP] Embed Pods Frameworks */,
				5E04CBE9C1C5BBE2278A6C46 /* [CP] Copy Pods Resources */,
			);
			buildRules = (
			);
			dependencies = (
			);
			name = TwitterClient;
			productName = TwitterClient;
			productReference = 3715EBA51EA099C800E753D0 /* TwitterClient.app */;
			productType = "com.apple.product-type.application";
		};
/* End PBXNativeTarget section */

/* Begin PBXProject section */
		3715EB9D1EA099C800E753D0 /* Project object */ = {
			isa = PBXProject;
			attributes = {
				LastSwiftUpdateCheck = 0830;
				LastUpgradeCheck = 0830;
				ORGANIZATIONNAME = "Tummala, Balaji";
				TargetAttributes = {
					3715EBA41EA099C800E753D0 = {
						CreatedOnToolsVersion = 8.3.1;
						ProvisioningStyle = Automatic;
					};
				};
			};
			buildConfigurationList = 3715EBA01EA099C800E753D0 /* Build configuration list for PBXProject "TwitterClient" */;
			compatibilityVersion = "Xcode 3.2";
			developmentRegion = English;
			hasScannedForEncodings = 0;
			knownRegions = (
				en,
				Base,
			);
			mainGroup = 3715EB9C1EA099C800E753D0;
			productRefGroup = 3715EBA61EA099C800E753D0 /* Products */;
			projectDirPath = "";
			projectRoot = "";
			targets = (
				3715EBA41EA099C800E753D0 /* TwitterClient */,
			);
		};
/* End PBXProject section */

/* Begin PBXResourcesBuildPhase section */
		3715EBA31EA099C800E753D0 /* Resources */ = {
			isa = PBXResourcesBuildPhase;
			buildActionMask = 2147483647;
			files = (
				3715EBB31EA099C800E753D0 /* LaunchScreen.storyboard in Resources */,
				3715EBB01EA099C800E753D0 /* Assets.xcassets in Resources */,
				3715EBAE1EA099C800E753D0 /* Main.storyboard in Resources */,
			);
			runOnlyForDeploymentPostprocessing = 0;
		};
/* End PBXResourcesBuildPhase section */

/* Begin PBXShellScriptBuildPhase section */
		5E04CBE9C1C5BBE2278A6C46 /* [CP] Copy Pods Resources */ = {
			isa = PBXShellScriptBuildPhase;
			buildActionMask = 2147483647;
			files = (
			);
			inputPaths = (
			);
			name = "[CP] Copy Pods Resources";
			outputPaths = (
			);
			runOnlyForDeploymentPostprocessing = 0;
			shellPath = /bin/sh;
			shellScript = "\"${SRCROOT}/Pods/Target Support Files/Pods-TwitterClient/Pods-TwitterClient-resources.sh\"\n";
			showEnvVarsInLog = 0;
		};
		6FBFD472D24AEDE775568783 /* [CP] Embed Pods Frameworks */ = {
			isa = PBXShellScriptBuildPhase;
			buildActionMask = 2147483647;
			files = (
			);
			inputPaths = (
			);
			name = "[CP] Embed Pods Frameworks";
			outputPaths = (
			);
			runOnlyForDeploymentPostprocessing = 0;
			shellPath = /bin/sh;
			shellScript = "\"${SRCROOT}/Pods/Target Support Files/Pods-TwitterClient/Pods-TwitterClient-frameworks.sh\"\n";
			showEnvVarsInLog = 0;
		};
		E2105673048838ED8C76E6D8 /* [CP] Check Pods Manifest.lock */ = {
			isa = PBXShellScriptBuildPhase;
			buildActionMask = 2147483647;
			files = (
			);
			inputPaths = (
			);
			name = "[CP] Check Pods Manifest.lock";
			outputPaths = (
			);
			runOnlyForDeploymentPostprocessing = 0;
			shellPath = /bin/sh;
			shellScript = "diff \"${PODS_ROOT}/../Podfile.lock\" \"${PODS_ROOT}/Manifest.lock\" > /dev/null\nif [ $? != 0 ] ; then\n    # print error to STDERR\n    echo \"error: The sandbox is not in sync with the Podfile.lock. Run 'pod install' or update your CocoaPods installation.\" >&2\n    exit 1\nfi\n";
			showEnvVarsInLog = 0;
		};
/* End PBXShellScriptBuildPhase section */

/* Begin PBXSourcesBuildPhase section */
		3715EBA11EA099C800E753D0 /* Sources */ = {
			isa = PBXSourcesBuildPhase;
			buildActionMask = 2147483647;
			files = (
				3715EBC01EA28FA300E753D0 /* User.swift in Sources */,
				3715EBC21EA2966900E753D0 /* Tweet.swift in Sources */,
				3715EBBB1EA10C5200E753D0 /* LoginViewController.swift in Sources */,
				3715EBCD1EA3474B00E753D0 /* SelectTweetController.swift in Sources */,
				3763CFA61EAAC8FF009F262A /* MenuViewCustomCell.swift in Sources */,
				3763CF9E1EAAC6A5009F262A /* MenuViewController.swift in Sources */,
				3763CFA21EAAC75C009F262A /* MentionsViewController.swift in Sources */,
				3715EBA91EA099C800E753D0 /* AppDelegate.swift in Sources */,
				3763CFA01EAAC740009F262A /* ProfileViewController.swift in Sources */,
				3715EBC51EA2A0EA00E753D0 /* TwitterAPIClient.swift in Sources */,
				3715EBCB1EA30CC800E753D0 /* CustomCell.swift in Sources */,
				3715EBC71EA2BE0F00E753D0 /* MainTweetsController.swift in Sources */,
				3763CF9C1EAAC66B009F262A /* HamburgerViewController.swift in Sources */,
				3715EBCF1EA3758600E753D0 /* DetailTweetViewController.swift in Sources */,
			);
			runOnlyForDeploymentPostprocessing = 0;
		};
/* End PBXSourcesBuildPhase section */

/* Begin PBXVariantGroup section */
		3715EBAC1EA099C800E753D0 /* Main.storyboard */ = {
			isa = PBXVariantGroup;
			children = (
				3715EBAD1EA099C800E753D0 /* Base */,
			);
			name = Main.storyboard;
			sourceTree = "<group>";
		};
		3715EBB11EA099C800E753D0 /* LaunchScreen.storyboard */ = {
			isa = PBXVariantGroup;
			children = (
				3715EBB21EA099C800E753D0 /* Base */,
			);
			name = LaunchScreen.storyboard;
			sourceTree = "<group>";
		};
/* End PBXVariantGroup section */

/* Begin XCBuildConfiguration section */
		3715EBB51EA099C800E753D0 /* Debug */ = {
			isa = XCBuildConfiguration;
			buildSettings = {
				ALWAYS_SEARCH_USER_PATHS = NO;
				CLANG_ANALYZER_NONNULL = YES;
				CLANG_ANALYZER_NUMBER_OBJECT_CONVERSION = YES_AGGRESSIVE;
				CLANG_CXX_LANGUAGE_STANDARD = "gnu++0x";
				CLANG_CXX_LIBRARY = "libc++";
				CLANG_ENABLE_MODULES = YES;
				CLANG_ENABLE_OBJC_ARC = YES;
				CLANG_WARN_BOOL_CONVERSION = YES;
				CLANG_WARN_CONSTANT_CONVERSION = YES;
				CLANG_WARN_DIRECT_OBJC_ISA_USAGE = YES_ERROR;
				CLANG_WARN_DOCUMENTATION_COMMENTS = YES;
				CLANG_WARN_EMPTY_BODY = YES;
				CLANG_WARN_ENUM_CONVERSION = YES;
				CLANG_WARN_INFINITE_RECURSION = YES;
				CLANG_WARN_INT_CONVERSION = YES;
				CLANG_WARN_OBJC_ROOT_CLASS = YES_ERROR;
				CLANG_WARN_SUSPICIOUS_MOVE = YES;
				CLANG_WARN_UNREACHABLE_CODE = YES;
				CLANG_WARN__DUPLICATE_METHOD_MATCH = YES;
				"CODE_SIGN_IDENTITY[sdk=iphoneos*]" = "iPhone Developer";
				COPY_PHASE_STRIP = NO;
				DEBUG_INFORMATION_FORMAT = dwarf;
				ENABLE_STRICT_OBJC_MSGSEND = YES;
				ENABLE_TESTABILITY = YES;
				GCC_C_LANGUAGE_STANDARD = gnu99;
				GCC_DYNAMIC_NO_PIC = NO;
				GCC_NO_COMMON_BLOCKS = YES;
				GCC_OPTIMIZATION_LEVEL = 0;
				GCC_PREPROCESSOR_DEFINITIONS = (
					"DEBUG=1",
					"$(inherited)",
				);
				GCC_WARN_64_TO_32_BIT_CONVERSION = YES;
				GCC_WARN_ABOUT_RETURN_TYPE = YES_ERROR;
				GCC_WARN_UNDECLARED_SELECTOR = YES;
				GCC_WARN_UNINITIALIZED_AUTOS = YES_AGGRESSIVE;
				GCC_WARN_UNUSED_FUNCTION = YES;
				GCC_WARN_UNUSED_VARIABLE = YES;
				IPHONEOS_DEPLOYMENT_TARGET = 10.3;
				MTL_ENABLE_DEBUG_INFO = YES;
				ONLY_ACTIVE_ARCH = YES;
				SDKROOT = iphoneos;
				SWIFT_ACTIVE_COMPILATION_CONDITIONS = DEBUG;
				SWIFT_OPTIMIZATION_LEVEL = "-Onone";
				TARGETED_DEVICE_FAMILY = "1,2";
			};
			name = Debug;
		};
		3715EBB61EA099C800E753D0 /* Release */ = {
			isa = XCBuildConfiguration;
			buildSettings = {
				ALWAYS_SEARCH_USER_PATHS = NO;
				CLANG_ANALYZER_NONNULL = YES;
				CLANG_ANALYZER_NUMBER_OBJECT_CONVERSION = YES_AGGRESSIVE;
				CLANG_CXX_LANGUAGE_STANDARD = "gnu++0x";
				CLANG_CXX_LIBRARY = "libc++";
				CLANG_ENABLE_MODULES = YES;
				CLANG_ENABLE_OBJC_ARC = YES;
				CLANG_WARN_BOOL_CONVERSION = YES;
				CLANG_WARN_CONSTANT_CONVERSION = YES;
				CLANG_WARN_DIRECT_OBJC_ISA_USAGE = YES_ERROR;
				CLANG_WARN_DOCUMENTATION_COMMENTS = YES;
				CLANG_WARN_EMPTY_BODY = YES;
				CLANG_WARN_ENUM_CONVERSION = YES;
				CLANG_WARN_INFINITE_RECURSION = YES;
				CLANG_WARN_INT_CONVERSION = YES;
				CLANG_WARN_OBJC_ROOT_CLASS = YES_ERROR;
				CLANG_WARN_SUSPICIOUS_MOVE = YES;
				CLANG_WARN_UNREACHABLE_CODE = YES;
				CLANG_WARN__DUPLICATE_METHOD_MATCH = YES;
				"CODE_SIGN_IDENTITY[sdk=iphoneos*]" = "iPhone Developer";
				COPY_PHASE_STRIP = NO;
				DEBUG_INFORMATION_FORMAT = "dwarf-with-dsym";
				ENABLE_NS_ASSERTIONS = NO;
				ENABLE_STRICT_OBJC_MSGSEND = YES;
				GCC_C_LANGUAGE_STANDARD = gnu99;
				GCC_NO_COMMON_BLOCKS = YES;
				GCC_WARN_64_TO_32_BIT_CONVERSION = YES;
				GCC_WARN_ABOUT_RETURN_TYPE = YES_ERROR;
				GCC_WARN_UNDECLARED_SELECTOR = YES;
				GCC_WARN_UNINITIALIZED_AUTOS = YES_AGGRESSIVE;
				GCC_WARN_UNUSED_FUNCTION = YES;
				GCC_WARN_UNUSED_VARIABLE = YES;
				IPHONEOS_DEPLOYMENT_TARGET = 10.3;
				MTL_ENABLE_DEBUG_INFO = NO;
				SDKROOT = iphoneos;
				SWIFT_OPTIMIZATION_LEVEL = "-Owholemodule";
				TARGETED_DEVICE_FAMILY = "1,2";
				VALIDATE_PRODUCT = YES;
			};
			name = Release;
		};
		3715EBB81EA099C800E753D0 /* Debug */ = {
			isa = XCBuildConfiguration;
			baseConfigurationReference = FF93BB67DD0915DDB84F56C0 /* Pods-TwitterClient.debug.xcconfig */;
			buildSettings = {
				ASSETCATALOG_COMPILER_APPICON_NAME = AppIcon;
				INFOPLIST_FILE = TwitterClient/Info.plist;
				LD_RUNPATH_SEARCH_PATHS = "$(inherited) @executable_path/Frameworks";
				PRODUCT_BUNDLE_IDENTIFIER = CodePath.TwitterClient;
				PRODUCT_NAME = "$(TARGET_NAME)";
				SWIFT_VERSION = 3.0;
			};
			name = Debug;
		};
		3715EBB91EA099C800E753D0 /* Release */ = {
			isa = XCBuildConfiguration;
			baseConfigurationReference = E70AA275C39D87B2C03A4473 /* Pods-TwitterClient.release.xcconfig */;
			buildSettings = {
				ASSETCATALOG_COMPILER_APPICON_NAME = AppIcon;
				INFOPLIST_FILE = TwitterClient/Info.plist;
				LD_RUNPATH_SEARCH_PATHS = "$(inherited) @executable_path/Frameworks";
				PRODUCT_BUNDLE_IDENTIFIER = CodePath.TwitterClient;
				PRODUCT_NAME = "$(TARGET_NAME)";
				SWIFT_VERSION = 3.0;
			};
			name = Release;
		};
/* End XCBuildConfiguration section */

/* Begin XCConfigurationList section */
		3715EBA01EA099C800E753D0 /* Build configuration list for PBXProject "TwitterClient" */ = {
			isa = XCConfigurationList;
			buildConfigurations = (
				3715EBB51EA099C800E753D0 /* Debug */,
				3715EBB61EA099C800E753D0 /* Release */,
			);
			defaultConfigurationIsVisible = 0;
			defaultConfigurationName = Release;
		};
		3715EBB71EA099C800E753D0 /* Build configuration list for PBXNativeTarget "TwitterClient" */ = {
			isa = XCConfigurationList;
			buildConfigurations = (
				3715EBB81EA099C800E753D0 /* Debug */,
				3715EBB91EA099C800E753D0 /* Release */,
			);
			defaultConfigurationIsVisible = 0;
			defaultConfigurationName = Release;
		};
/* End XCConfigurationList section */
	};
	rootObject = 3715EB9D1EA099C800E753D0 /* Project object */;
}
